
Microsoft Visual Studio Solution File, Format Version 12.00
# Visual Studio Version 17
VisualStudioVersion = 17.10.35004.147
MinimumVisualStudioVersion = 10.0.40219.1
Project("{FAE04EC0-301F-11D3-BF4B-00C04F79EFBC}") = "MyDemo", "MyDemo.csproj", "{6E484FEA-F1D8-4E9B-BB8D-3A85CFFBB970}"
	ProjectSection(ProjectDependencies) = postProject
		{12A8F255-ADCC-4901-9589-BEA80D207D80} = {12A8F255-ADCC-4901-9589-BEA80D207D80}
		{424ADBC6-DC64-4CEA-B99D-4FC3C8D2F649} = {424ADBC6-DC64-4CEA-B99D-4FC3C8D2F649}
		{C0CF9B46-19C7-4E36-8EED-1E1717380C5F} = {C0CF9B46-19C7-4E36-8EED-1E1717380C5F}
	EndProjectSection
EndProject
Project("{FAE04EC0-301F-11D3-BF4B-00C04F79EFBC}") = "Domain", "..\Domain\Domain.csproj", "{424ADBC6-DC64-4CEA-B99D-4FC3C8D2F649}"
	ProjectSection(ProjectDependencies) = postProject
		{C0CF9B46-19C7-4E36-8EED-1E1717380C5F} = {C0CF9B46-19C7-4E36-8EED-1E1717380C5F}
	EndProjectSection
EndProject
Project("{FAE04EC0-301F-11D3-BF4B-00C04F79EFBC}") = "Entity", "..\Entity\Entity.csproj", "{C0CF9B46-19C7-4E36-8EED-1E1717380C5F}"
EndProject
Project("{FAE04EC0-301F-11D3-BF4B-00C04F79EFBC}") = "Repository", "..\Repository\Repository.csproj", "{12A8F255-ADCC-4901-9589-BEA80D207D80}"
	ProjectSection(ProjectDependencies) = postProject
		{424ADBC6-DC64-4CEA-B99D-4FC3C8D2F649} = {424ADBC6-DC64-4CEA-B99D-4FC3C8D2F649}
		{C0CF9B46-19C7-4E36-8EED-1E1717380C5F} = {C0CF9B46-19C7-4E36-8EED-1E1717380C5F}
	EndProjectSection
EndProject
Global
	GlobalSection(SolutionConfigurationPlatforms) = preSolution
		Debug|Any CPU = Debug|Any CPU
		Release|Any CPU = Release|Any CPU
	EndGlobalSection
	GlobalSection(ProjectConfigurationPlatforms) = postSolution
		{6E484FEA-F1D8-4E9B-BB8D-3A85CFFBB970}.Debug|Any CPU.ActiveCfg = Debug|Any CPU
		{6E484FEA-F1D8-4E9B-BB8D-3A85CFFBB970}.Debug|Any CPU.Build.0 = Debug|Any CPU
		{6E484FEA-F1D8-4E9B-BB8D-3A85CFFBB970}.Release|Any CPU.ActiveCfg = Release|Any CPU
		{6E484FEA-F1D8-4E9B-BB8D-3A85CFFBB970}.Release|Any CPU.Build.0 = Release|Any CPU
		{424ADBC6-DC64-4CEA-B99D-4FC3C8D2F649}.Debug|Any CPU.ActiveCfg = Debug|Any CPU
		{424ADBC6-DC64-4CEA-B99D-4FC3C8D2F649}.Debug|Any CPU.Build.0 = Debug|Any CPU
		{424ADBC6-DC64-4CEA-B99D-4FC3C8D2F649}.Release|Any CPU.ActiveCfg = Release|Any CPU
		{424ADBC6-DC64-4CEA-B99D-4FC3C8D2F649}.Release|Any CPU.Build.0 = Release|Any CPU
		{C0CF9B46-19C7-4E36-8EED-1E1717380C5F}.Debug|Any CPU.ActiveCfg = Debug|Any CPU
		{C0CF9B46-19C7-4E36-8EED-1E1717380C5F}.Debug|Any CPU.Build.0 = Debug|Any CPU
		{C0CF9B46-19C7-4E36-8EED-1E1717380C5F}.Release|Any CPU.ActiveCfg = Release|Any CPU
		{C0CF9B46-19C7-4E36-8EED-1E1717380C5F}.Release|Any CPU.Build.0 = Release|Any CPU
		{12A8F255-ADCC-4901-9589-BEA80D207D80}.Debug|Any CPU.ActiveCfg = Debug|Any CPU
		{12A8F255-ADCC-4901-9589-BEA80D207D80}.Debug|Any CPU.Build.0 = Debug|Any CPU
		{12A8F255-ADCC-4901-9589-BEA80D207D80}.Release|Any CPU.ActiveCfg = Release|Any CPU
		{12A8F255-ADCC-4901-9589-BEA80D207D80}.Release|Any CPU.Build.0 = Release|Any CPU
	EndGlobalSection
	GlobalSection(SolutionProperties) = preSolution
		HideSolutionNode = FALSE
	EndGlobalSection
	GlobalSection(ExtensibilityGlobals) = postSolution
		SolutionGuid = {04AB9F4A-34AE-4B83-A2B7-0BE86CCB3FD4}
	EndGlobalSection
EndGlobal
